<Solution>
  <Project Path="C:/ASP.NET/eCommerce-Products-Service/ProductsMicroService.API/ProductsMicroService.API.csproj" />
  <Project Path="C:/ASP.NET/eCommerce-Products-Service/ProductsMicroService.BusinessLogicLayer/ProductsMicroService.BusinessLogicLayer.csproj" />
  <Project Path="C:/ASP.NET/eCommerce-Products-Service/ProductsMicroService.DataAccessLayer/ProductsMicroService.DataAccessLayer.csproj" />
</Solution>
